
Microsoft Visual Studio Solution File, Format Version 12.00
# Visual Studio Version 16
VisualStudioVersion = 16.0.30114.105
MinimumVisualStudioVersion = 10.0.40219.1
Project("{00D1A9C2-B5F0-4AF3-8072-F6C62B433612}") = "WinnipegParkAssetsDB", "WinnipegParkAssetsDB\WinnipegParkAssetsDB.sqlproj", "{F5D03A47-419F-4E69-9613-4EDF4A75BF13}"
EndProject
Project("{888888A0-9F3D-457C-B088-3A5042F75D52}") = "WinnipegParkAssetsETL", "WinnipegParkAssetsETL\WinnipegParkAssetsETL.pyproj", "{FA30B7FD-11DC-442E-85D2-F5409EDFEC5D}"
EndProject
Global
	GlobalSection(SolutionConfigurationPlatforms) = preSolution
		Debug|Any CPU = Debug|Any CPU
		Release|Any CPU = Release|Any CPU
	EndGlobalSection
	GlobalSection(ProjectConfigurationPlatforms) = postSolution
		{F5D03A47-419F-4E69-9613-4EDF4A75BF13}.Debug|Any CPU.ActiveCfg = Debug|Any CPU
		{F5D03A47-419F-4E69-9613-4EDF4A75BF13}.Debug|Any CPU.Build.0 = Debug|Any CPU
		{F5D03A47-419F-4E69-9613-4EDF4A75BF13}.Debug|Any CPU.Deploy.0 = Debug|Any CPU
		{F5D03A47-419F-4E69-9613-4EDF4A75BF13}.Release|Any CPU.ActiveCfg = Release|Any CPU
		{F5D03A47-419F-4E69-9613-4EDF4A75BF13}.Release|Any CPU.Build.0 = Release|Any CPU
		{F5D03A47-419F-4E69-9613-4EDF4A75BF13}.Release|Any CPU.Deploy.0 = Release|Any CPU
		{FA30B7FD-11DC-442E-85D2-F5409EDFEC5D}.Debug|Any CPU.ActiveCfg = Debug|Any CPU
		{FA30B7FD-11DC-442E-85D2-F5409EDFEC5D}.Release|Any CPU.ActiveCfg = Release|Any CPU
	EndGlobalSection
	GlobalSection(SolutionProperties) = preSolution
		HideSolutionNode = FALSE
	EndGlobalSection
	GlobalSection(ExtensibilityGlobals) = postSolution
		SolutionGuid = {3DAEB89E-DD2B-4C33-A4AE-157BD3B9D157}
	EndGlobalSection
EndGlobal
